# THIS IS AN AUTOGENERATED FILE. DO NOT EDIT THIS FILE DIRECTLY.
# yarn lockfile v1


rand@^0.0.4:
  version "0.0.4"
  resolved "https://registry.yarnpkg.com/rand/-/rand-0.0.4.tgz#f247eb8d8fa98e264024e03372b0a291e5053fc4"
  integrity sha512-lHNmfD2201VZb/XEugB5js5oo4dCJRRNBR4gxBwtNmvCbt5I88Cc0etLBZm26Kho/kW7sNLyGTSw9rlIItYdeQ==
